
Microsoft Visual Studio Solution File, Format Version 12.00
# Visual Studio Version 16
VisualStudioVersion = 16.0.31402.337
MinimumVisualStudioVersion = 10.0.40219.1
Project("{FAE04EC0-301F-11D3-BF4B-00C04F79EFBC}") = "UnityScripts", "UnityScripts.csproj", "{F550F80F-CD00-429B-8D11-3F48A922A556}"
EndProject
Global
	GlobalSection(SolutionConfigurationPlatforms) = preSolution
		Debug|Any CPU = Debug|Any CPU
		Release|Any CPU = Release|Any CPU
	EndGlobalSection
	GlobalSection(ProjectConfigurationPlatforms) = postSolution
		{F550F80F-CD00-429B-8D11-3F48A922A556}.Debug|Any CPU.ActiveCfg = Debug|Any CPU
		{F550F80F-CD00-429B-8D11-3F48A922A556}.Debug|Any CPU.Build.0 = Debug|Any CPU
		{F550F80F-CD00-429B-8D11-3F48A922A556}.Release|Any CPU.ActiveCfg = Release|Any CPU
		{F550F80F-CD00-429B-8D11-3F48A922A556}.Release|Any CPU.Build.0 = Release|Any CPU
	EndGlobalSection
	GlobalSection(SolutionProperties) = preSolution
		HideSolutionNode = FALSE
	EndGlobalSection
	GlobalSection(ExtensibilityGlobals) = postSolution
		SolutionGuid = {F503BBCD-4DC7-4F14-9C6D-E0DFA3D8809C}
	EndGlobalSection
EndGlobal
